// !$*UTF8*$!
{
	archiveVersion = 1;
	classes = {
	};
	objectVersion = 50;
	objects = {

/* Begin PBXBuildFile section */
		F397DCC0264CFEE800220FEC /* AppDelegate.swift in Sources */ = {isa = PBXBuildFile; fileRef = F397DCBF264CFEE800220FEC /* AppDelegate.swift */; };
		F397DCC2264CFEE800220FEC /* SceneDelegate.swift in Sources */ = {isa = PBXBuildFile; fileRef = F397DCC1264CFEE800220FEC /* SceneDelegate.swift */; };
		F397DCC4264CFEE800220FEC /* ContentView.swift in Sources */ = {isa = PBXBuildFile; fileRef = F397DCC3264CFEE800220FEC /* ContentView.swift */; };
		F397DCC7264CFEE800220FEC /* MyLoan.xcdatamodeld in Sources */ = {isa = PBXBuildFile; fileRef = F397DCC5264CFEE800220FEC /* MyLoan.xcdatamodeld */; };
		F397DCC9264CFEEB00220FEC /* Assets.xcassets in Resources */ = {isa = PBXBuildFile; fileRef = F397DCC8264CFEEB00220FEC /* Assets.xcassets */; };
		F397DCCC264CFEEB00220FEC /* Preview Assets.xcassets in Resources */ = {isa = PBXBuildFile; fileRef = F397DCCB264CFEEB00220FEC /* Preview Assets.xcassets */; };
		F397DCCF264CFEEB00220FEC /* LaunchScreen.storyboard in Resources */ = {isa = PBXBuildFile; fileRef = F397DCCD264CFEEB00220FEC /* LaunchScreen.storyboard */; };
		F397DCDA264CFF2F00220FEC /* ListDetailScreen.swift in Sources */ = {isa = PBXBuildFile; fileRef = F397DCD7264CFF2E00220FEC /* ListDetailScreen.swift */; };
		F397DCDB264CFF2F00220FEC /* HomeViewModel.swift in Sources */ = {isa = PBXBuildFile; fileRef = F397DCD8264CFF2E00220FEC /* HomeViewModel.swift */; };
		F397DCDC264CFF2F00220FEC /* ListCell.swift in Sources */ = {isa = PBXBuildFile; fileRef = F397DCD9264CFF2F00220FEC /* ListCell.swift */; };
		F397DCE1264D004B00220FEC /* HomeScreen.swift in Sources */ = {isa = PBXBuildFile; fileRef = F397DCE0264D004B00220FEC /* HomeScreen.swift */; };
		F397DCE3264D005C00220FEC /* Shareholder.swift in Sources */ = {isa = PBXBuildFile; fileRef = F397DCE2264D005C00220FEC /* Shareholder.swift */; };
		F397DCE5264D006500220FEC /* DebtorScreen.swift in Sources */ = {isa = PBXBuildFile; fileRef = F397DCE4264D006500220FEC /* DebtorScreen.swift */; };
		F397DCE7264D007300220FEC /* NewDataScreen.swift in Sources */ = {isa = PBXBuildFile; fileRef = F397DCE6264D007300220FEC /* NewDataScreen.swift */; };
/* End PBXBuildFile section */

/* Begin PBXFileReference section */
		F397DCBC264CFEE800220FEC /* MyLoan.app */ = {isa = PBXFileReference; explicitFileType = wrapper.application; includeInIndex = 0; path = MyLoan.app; sourceTree = BUILT_PRODUCTS_DIR; };
		F397DCBF264CFEE800220FEC /* AppDelegate.swift */ = {isa = PBXFileReference; lastKnownFileType = sourcecode.swift; path = AppDelegate.swift; sourceTree = "<group>"; };
		F397DCC1264CFEE800220FEC /* SceneDelegate.swift */ = {isa = PBXFileReference; lastKnownFileType = sourcecode.swift; path = SceneDelegate.swift; sourceTree = "<group>"; };
		F397DCC3264CFEE800220FEC /* ContentView.swift */ = {isa = PBXFileReference; lastKnownFileType = sourcecode.swift; path = ContentView.swift; sourceTree = "<group>"; };
		F397DCC6264CFEE800220FEC /* MyLoan.xcdatamodel */ = {isa = PBXFileReference; lastKnownFileType = wrapper.xcdatamodel; path = MyLoan.xcdatamodel; sourceTree = "<group>"; };
		F397DCC8264CFEEB00220FEC /* Assets.xcassets */ = {isa = PBXFileReference; lastKnownFileType = folder.assetcatalog; path = Assets.xcassets; sourceTree = "<group>"; };
		F397DCCB264CFEEB00220FEC /* Preview Assets.xcassets */ = {isa = PBXFileReference; lastKnownFileType = folder.assetcatalog; path = "Preview Assets.xcassets"; sourceTree = "<group>"; };
		F397DCCE264CFEEB00220FEC /* Base */ = {isa = PBXFileReference; lastKnownFileType = file.storyboard; name = Base; path = Base.lproj/LaunchScreen.storyboard; sourceTree = "<group>"; };
		F397DCD0264CFEEB00220FEC /* Info.plist */ = {isa = PBXFileReference; lastKnownFileType = text.plist.xml; path = Info.plist; sourceTree = "<group>"; };
		F397DCD7264CFF2E00220FEC /* ListDetailScreen.swift */ = {isa = PBXFileReference; fileEncoding = 4; lastKnownFileType = sourcecode.swift; path = ListDetailScreen.swift; sourceTree = "<group>"; };
		F397DCD8264CFF2E00220FEC /* HomeViewModel.swift */ = {isa = PBXFileReference; fileEncoding = 4; lastKnownFileType = sourcecode.swift; path = HomeViewModel.swift; sourceTree = "<group>"; };
		F397DCD9264CFF2F00220FEC /* ListCell.swift */ = {isa = PBXFileReference; fileEncoding = 4; lastKnownFileType = sourcecode.swift; path = ListCell.swift; sourceTree = "<group>"; };
		F397DCE0264D004B00220FEC /* HomeScreen.swift */ = {isa = PBXFileReference; lastKnownFileType = sourcecode.swift; path = HomeScreen.swift; sourceTree = "<group>"; };
		F397DCE2264D005C00220FEC /* Shareholder.swift */ = {isa = PBXFileReference; lastKnownFileType = sourcecode.swift; path = Shareholder.swift; sourceTree = "<group>"; };
		F397DCE4264D006500220FEC /* DebtorScreen.swift */ = {isa = PBXFileReference; lastKnownFileType = sourcecode.swift; path = DebtorScreen.swift; sourceTree = "<group>"; };
		F397DCE6264D007300220FEC /* NewDataScreen.swift */ = {isa = PBXFileReference; lastKnownFileType = sourcecode.swift; path = NewDataScreen.swift; sourceTree = "<group>"; };
/* End PBXFileReference section */

/* Begin PBXFrameworksBuildPhase section */
		F397DCB9264CFEE800220FEC /* Frameworks */ = {
			isa = PBXFrameworksBuildPhase;
			buildActionMask = 2147483647;
			files = (
			);
			runOnlyForDeploymentPostprocessing = 0;
		};
/* End PBXFrameworksBuildPhase section */

/* Begin PBXGroup section */
		F397DCB3264CFEE700220FEC = {
			isa = PBXGroup;
			children = (
				F397DCBE264CFEE800220FEC /* MyLoan */,
				F397DCBD264CFEE800220FEC /* Products */,
			);
			sourceTree = "<group>";
		};
		F397DCBD264CFEE800220FEC /* Products */ = {
			isa = PBXGroup;
			children = (
				F397DCBC264CFEE800220FEC /* MyLoan.app */,
			);
			name = Products;
			sourceTree = "<group>";
		};
		F397DCBE264CFEE800220FEC /* MyLoan */ = {
			isa = PBXGroup;
			children = (
				F397DCE8264D025E00220FEC /* apputils */,
				F397DCDF264D002F00220FEC /* screens */,
				F397DCD6264CFF1A00220FEC /* cells */,
				F397DCBF264CFEE800220FEC /* AppDelegate.swift */,
				F397DCC1264CFEE800220FEC /* SceneDelegate.swift */,
				F397DCC3264CFEE800220FEC /* ContentView.swift */,
				F397DCD0264CFEEB00220FEC /* Info.plist */,
				F397DCC5264CFEE800220FEC /* MyLoan.xcdatamodeld */,
				F397DCCA264CFEEB00220FEC /* Preview Content */,
			);
			path = MyLoan;
			sourceTree = "<group>";
		};
		F397DCCA264CFEEB00220FEC /* Preview Content */ = {
			isa = PBXGroup;
			children = (
				F397DCCB264CFEEB00220FEC /* Preview Assets.xcassets */,
			);
			path = "Preview Content";
			sourceTree = "<group>";
		};
		F397DCD6264CFF1A00220FEC /* cells */ = {
			isa = PBXGroup;
			children = (
				F397DCD8264CFF2E00220FEC /* HomeViewModel.swift */,
				F397DCD9264CFF2F00220FEC /* ListCell.swift */,
				F397DCD7264CFF2E00220FEC /* ListDetailScreen.swift */,
			);
			path = cells;
			sourceTree = "<group>";
		};
		F397DCDF264D002F00220FEC /* screens */ = {
			isa = PBXGroup;
			children = (
				F397DCE0264D004B00220FEC /* HomeScreen.swift */,
				F397DCE2264D005C00220FEC /* Shareholder.swift */,
				F397DCE4264D006500220FEC /* DebtorScreen.swift */,
				F397DCE6264D007300220FEC /* NewDataScreen.swift */,
			);
			path = screens;
			sourceTree = "<group>";
		};
		F397DCE8264D025E00220FEC /* apputils */ = {
			isa = PBXGroup;
			children = (
				F397DCC8264CFEEB00220FEC /* Assets.xcassets */,
				F397DCCD264CFEEB00220FEC /* LaunchScreen.storyboard */,
			);
			path = apputils;
			sourceTree = "<group>";
		};
/* End PBXGroup section */

/* Begin PBXNativeTarget section */
		F397DCBB264CFEE800220FEC /* MyLoan */ = {
			isa = PBXNativeTarget;
			buildConfigurationList = F397DCD3264CFEEB00220FEC /* Build configuration list for PBXNativeTarget "MyLoan" */;
			buildPhases = (
				F397DCB8264CFEE800220FEC /* Sources */,
				F397DCB9264CFEE800220FEC /* Frameworks */,
				F397DCBA264CFEE800220FEC /* Resources */,
			);
			buildRules = (
			);
			dependencies = (
			);
			name = MyLoan;
			productName = MyLoan;
			productReference = F397DCBC264CFEE800220FEC /* MyLoan.app */;
			productType = "com.apple.product-type.application";
		};
/* End PBXNativeTarget section */

/* Begin PBXProject section */
		F397DCB4264CFEE800220FEC /* Project object */ = {
			isa = PBXProject;
			attributes = {
				LastSwiftUpdateCheck = 1250;
				LastUpgradeCheck = 1250;
				TargetAttributes = {
					F397DCBB264CFEE800220FEC = {
						CreatedOnToolsVersion = 12.5;
					};
				};
			};
			buildConfigurationList = F397DCB7264CFEE800220FEC /* Build configuration list for PBXProject "MyLoan" */;
			compatibilityVersion = "Xcode 9.3";
			developmentRegion = en;
			hasScannedForEncodings = 0;
			knownRegions = (
				en,
				Base,
			);
			mainGroup = F397DCB3264CFEE700220FEC;
			productRefGroup = F397DCBD264CFEE800220FEC /* Products */;
			projectDirPath = "";
			projectRoot = "";
			targets = (
				F397DCBB264CFEE800220FEC /* MyLoan */,
			);
		};
/* End PBXProject section */

/* Begin PBXResourcesBuildPhase section */
		F397DCBA264CFEE800220FEC /* Resources */ = {
			isa = PBXResourcesBuildPhase;
			buildActionMask = 2147483647;
			files = (
				F397DCCF264CFEEB00220FEC /* LaunchScreen.storyboard in Resources */,
				F397DCCC264CFEEB00220FEC /* Preview Assets.xcassets in Resources */,
				F397DCC9264CFEEB00220FEC /* Assets.xcassets in Resources */,
			);
			runOnlyForDeploymentPostprocessing = 0;
		};
/* End PBXResourcesBuildPhase section */

/* Begin PBXSourcesBuildPhase section */
		F397DCB8264CFEE800220FEC /* Sources */ = {
			isa = PBXSourcesBuildPhase;
			buildActionMask = 2147483647;
			files = (
				F397DCC0264CFEE800220FEC /* AppDelegate.swift in Sources */,
				F397DCE7264D007300220FEC /* NewDataScreen.swift in Sources */,
				F397DCDB264CFF2F00220FEC /* HomeViewModel.swift in Sources */,
				F397DCC2264CFEE800220FEC /* SceneDelegate.swift in Sources */,
				F397DCDC264CFF2F00220FEC /* ListCell.swift in Sources */,
				F397DCE1264D004B00220FEC /* HomeScreen.swift in Sources */,
				F397DCE5264D006500220FEC /* DebtorScreen.swift in Sources */,
				F397DCC4264CFEE800220FEC /* ContentView.swift in Sources */,
				F397DCC7264CFEE800220FEC /* MyLoan.xcdatamodeld in Sources */,
				F397DCE3264D005C00220FEC /* Shareholder.swift in Sources */,
				F397DCDA264CFF2F00220FEC /* ListDetailScreen.swift in Sources */,
			);
			runOnlyForDeploymentPostprocessing = 0;
		};
/* End PBXSourcesBuildPhase section */

/* Begin PBXVariantGroup section */
		F397DCCD264CFEEB00220FEC /* LaunchScreen.storyboard */ = {
			isa = PBXVariantGroup;
			children = (
				F397DCCE264CFEEB00220FEC /* Base */,
			);
			name = LaunchScreen.storyboard;
			sourceTree = "<group>";
		};
/* End PBXVariantGroup section */

/* Begin XCBuildConfiguration section */
		F397DCD1264CFEEB00220FEC /* Debug */ = {
			isa = XCBuildConfiguration;
			buildSettings = {
				ALWAYS_SEARCH_USER_PATHS = NO;
				CLANG_ANALYZER_NONNULL = YES;
				CLANG_ANALYZER_NUMBER_OBJECT_CONVERSION = YES_AGGRESSIVE;
				CLANG_CXX_LANGUAGE_STANDARD = "gnu++14";
				CLANG_CXX_LIBRARY = "libc++";
				CLANG_ENABLE_MODULES = YES;
				CLANG_ENABLE_OBJC_ARC = YES;
				CLANG_ENABLE_OBJC_WEAK = YES;
				CLANG_WARN_BLOCK_CAPTURE_AUTORELEASING = YES;
				CLANG_WARN_BOOL_CONVERSION = YES;
				CLANG_WARN_COMMA = YES;
				CLANG_WARN_CONSTANT_CONVERSION = YES;
				CLANG_WARN_DEPRECATED_OBJC_IMPLEMENTATIONS = YES;
				CLANG_WARN_DIRECT_OBJC_ISA_USAGE = YES_ERROR;
				CLANG_WARN_DOCUMENTATION_COMMENTS = YES;
				CLANG_WARN_EMPTY_BODY = YES;
				CLANG_WARN_ENUM_CONVERSION = YES;
				CLANG_WARN_INFINITE_RECURSION = YES;
				CLANG_WARN_INT_CONVERSION = YES;
				CLANG_WARN_NON_LITERAL_NULL_CONVERSION = YES;
				CLANG_WARN_OBJC_IMPLICIT_RETAIN_SELF = YES;
				CLANG_WARN_OBJC_LITERAL_CONVERSION = YES;
				CLANG_WARN_OBJC_ROOT_CLASS = YES_ERROR;
				CLANG_WARN_QUOTED_INCLUDE_IN_FRAMEWORK_HEADER = YES;
				CLANG_WARN_RANGE_LOOP_ANALYSIS = YES;
				CLANG_WARN_STRICT_PROTOTYPES = YES;
				CLANG_WARN_SUSPICIOUS_MOVE = YES;
				CLANG_WARN_UNGUARDED_AVAILABILITY = YES_AGGRESSIVE;
				CLANG_WARN_UNREACHABLE_CODE = YES;
				CLANG_WARN__DUPLICATE_METHOD_MATCH = YES;
				COPY_PHASE_STRIP = NO;
				DEBUG_INFORMATION_FORMAT = dwarf;
				ENABLE_STRICT_OBJC_MSGSEND = YES;
				ENABLE_TESTABILITY = YES;
				GCC_C_LANGUAGE_STANDARD = gnu11;
				GCC_DYNAMIC_NO_PIC = NO;
				GCC_NO_COMMON_BLOCKS = YES;
				GCC_OPTIMIZATION_LEVEL = 0;
				GCC_PREPROCESSOR_DEFINITIONS = (
					"DEBUG=1",
					"$(inherited)",
				);
				GCC_WARN_64_TO_32_BIT_CONVERSION = YES;
				GCC_WARN_ABOUT_RETURN_TYPE = YES_ERROR;
				GCC_WARN_UNDECLARED_SELECTOR = YES;
				GCC_WARN_UNINITIALIZED_AUTOS = YES_AGGRESSIVE;
				GCC_WARN_UNUSED_FUNCTION = YES;
				GCC_WARN_UNUSED_VARIABLE = YES;
				IPHONEOS_DEPLOYMENT_TARGET = 14.5;
				MTL_ENABLE_DEBUG_INFO = INCLUDE_SOURCE;
				MTL_FAST_MATH = YES;
				ONLY_ACTIVE_ARCH = YES;
				SDKROOT = iphoneos;
				SWIFT_ACTIVE_COMPILATION_CONDITIONS = DEBUG;
				SWIFT_OPTIMIZATION_LEVEL = "-Onone";
			};
			name = Debug;
		};
		F397DCD2264CFEEB00220FEC /* Release */ = {
			isa = XCBuildConfiguration;
			buildSettings = {
				ALWAYS_SEARCH_USER_PATHS = NO;
				CLANG_ANALYZER_NONNULL = YES;
				CLANG_ANALYZER_NUMBER_OBJECT_CONVERSION = YES_AGGRESSIVE;
				CLANG_CXX_LANGUAGE_STANDARD = "gnu++14";
				CLANG_CXX_LIBRARY = "libc++";
				CLANG_ENABLE_MODULES = YES;
				CLANG_ENABLE_OBJC_ARC = YES;
				CLANG_ENABLE_OBJC_WEAK = YES;
				CLANG_WARN_BLOCK_CAPTURE_AUTORELEASING = YES;
				CLANG_WARN_BOOL_CONVERSION = YES;
				CLANG_WARN_COMMA = YES;
				CLANG_WARN_CONSTANT_CONVERSION = YES;
				CLANG_WARN_DEPRECATED_OBJC_IMPLEMENTATIONS = YES;
				CLANG_WARN_DIRECT_OBJC_ISA_USAGE = YES_ERROR;
				CLANG_WARN_DOCUMENTATION_COMMENTS = YES;
				CLANG_WARN_EMPTY_BODY = YES;
				CLANG_WARN_ENUM_CONVERSION = YES;
				CLANG_WARN_INFINITE_RECURSION = YES;
				CLANG_WARN_INT_CONVERSION = YES;
				CLANG_WARN_NON_LITERAL_NULL_CONVERSION = YES;
				CLANG_WARN_OBJC_IMPLICIT_RETAIN_SELF = YES;
				CLANG_WARN_OBJC_LITERAL_CONVERSION = YES;
				CLANG_WARN_OBJC_ROOT_CLASS = YES_ERROR;
				CLANG_WARN_QUOTED_INCLUDE_IN_FRAMEWORK_HEADER = YES;
				CLANG_WARN_RANGE_LOOP_ANALYSIS = YES;
				CLANG_WARN_STRICT_PROTOTYPES = YES;
				CLANG_WARN_SUSPICIOUS_MOVE = YES;
				CLANG_WARN_UNGUARDED_AVAILABILITY = YES_AGGRESSIVE;
				CLANG_WARN_UNREACHABLE_CODE = YES;
				CLANG_WARN__DUPLICATE_METHOD_MATCH = YES;
				COPY_PHASE_STRIP = NO;
				DEBUG_INFORMATION_FORMAT = "dwarf-with-dsym";
				ENABLE_NS_ASSERTIONS = NO;
				ENABLE_STRICT_OBJC_MSGSEND = YES;
				GCC_C_LANGUAGE_STANDARD = gnu11;
				GCC_NO_COMMON_BLOCKS = YES;
				GCC_WARN_64_TO_32_BIT_CONVERSION = YES;
				GCC_WARN_ABOUT_RETURN_TYPE = YES_ERROR;
				GCC_WARN_UNDECLARED_SELECTOR = YES;
				GCC_WARN_UNINITIALIZED_AUTOS = YES_AGGRESSIVE;
				GCC_WARN_UNUSED_FUNCTION = YES;
				GCC_WARN_UNUSED_VARIABLE = YES;
				IPHONEOS_DEPLOYMENT_TARGET = 14.5;
				MTL_ENABLE_DEBUG_INFO = NO;
				MTL_FAST_MATH = YES;
				SDKROOT = iphoneos;
				SWIFT_COMPILATION_MODE = wholemodule;
				SWIFT_OPTIMIZATION_LEVEL = "-O";
				VALIDATE_PRODUCT = YES;
			};
			name = Release;
		};
		F397DCD4264CFEEB00220FEC /* Debug */ = {
			isa = XCBuildConfiguration;
			buildSettings = {
				ASSETCATALOG_COMPILER_APPICON_NAME = AppIcon;
				ASSETCATALOG_COMPILER_GLOBAL_ACCENT_COLOR_NAME = AccentColor;
				CODE_SIGN_STYLE = Automatic;
				DEVELOPMENT_ASSET_PATHS = "\"MyLoan/Preview Content\"";
				DEVELOPMENT_TEAM = RXC5B5KH7P;
				ENABLE_PREVIEWS = YES;
				INFOPLIST_FILE = MyLoan/Info.plist;
				LD_RUNPATH_SEARCH_PATHS = (
					"$(inherited)",
					"@executable_path/Frameworks",
				);
				PRODUCT_BUNDLE_IDENTIFIER = com.JuraevA.MyLoan;
				PRODUCT_NAME = "$(TARGET_NAME)";
				SWIFT_VERSION = 5.0;
				TARGETED_DEVICE_FAMILY = "1,2";
			};
			name = Debug;
		};
		F397DCD5264CFEEB00220FEC /* Release */ = {
			isa = XCBuildConfiguration;
			buildSettings = {
				ASSETCATALOG_COMPILER_APPICON_NAME = AppIcon;
				ASSETCATALOG_COMPILER_GLOBAL_ACCENT_COLOR_NAME = AccentColor;
				CODE_SIGN_STYLE = Automatic;
				DEVELOPMENT_ASSET_PATHS = "\"MyLoan/Preview Content\"";
				DEVELOPMENT_TEAM = RXC5B5KH7P;
				ENABLE_PREVIEWS = YES;
				INFOPLIST_FILE = MyLoan/Info.plist;
				LD_RUNPATH_SEARCH_PATHS = (
					"$(inherited)",
					"@executable_path/Frameworks",
				);
				PRODUCT_BUNDLE_IDENTIFIER = com.JuraevA.MyLoan;
				PRODUCT_NAME = "$(TARGET_NAME)";
				SWIFT_VERSION = 5.0;
				TARGETED_DEVICE_FAMILY = "1,2";
			};
			name = Release;
		};
/* End XCBuildConfiguration section */

/* Begin XCConfigurationList section */
		F397DCB7264CFEE800220FEC /* Build configuration list for PBXProject "MyLoan" */ = {
			isa = XCConfigurationList;
			buildConfigurations = (
				F397DCD1264CFEEB00220FEC /* Debug */,
				F397DCD2264CFEEB00220FEC /* Release */,
			);
			defaultConfigurationIsVisible = 0;
			defaultConfigurationName = Release;
		};
		F397DCD3264CFEEB00220FEC /* Build configuration list for PBXNativeTarget "MyLoan" */ = {
			isa = XCConfigurationList;
			buildConfigurations = (
				F397DCD4264CFEEB00220FEC /* Debug */,
				F397DCD5264CFEEB00220FEC /* Release */,
			);
			defaultConfigurationIsVisible = 0;
			defaultConfigurationName = Release;
		};
/* End XCConfigurationList section */

/* Begin XCVersionGroup section */
		F397DCC5264CFEE800220FEC /* MyLoan.xcdatamodeld */ = {
			isa = XCVersionGroup;
			children = (
				F397DCC6264CFEE800220FEC /* MyLoan.xcdatamodel */,
			);
			currentVersion = F397DCC6264CFEE800220FEC /* MyLoan.xcdatamodel */;
			path = MyLoan.xcdatamodeld;
			sourceTree = "<group>";
			versionGroupType = wrapper.xcdatamodel;
		};
/* End XCVersionGroup section */
	};
	rootObject = F397DCB4264CFEE800220FEC /* Project object */;
}
